// !$*UTF8*$!
{
	archiveVersion = 1;
	classes = {
	};
	objectVersion = 77;
	objects = {

/* Begin PBXBuildFile section */
		028487F5A6C0BED60172B546 /* OnboardingPageLayout.swift in Sources */ = {isa = PBXBuildFile; fileRef = C3D871D9287AF47EBED70889 /* OnboardingPageLayout.swift */; };
		0B3D2921336B533833058829 /* quran in Resources */ = {isa = PBXBuildFile; fileRef = 7AB948E93ABED6504E87449D /* quran */; };
		12D590DA34A191EB5674BEFE /* WelcomeSnapshotTests.swift in Sources */ = {isa = PBXBuildFile; fileRef = B9A647374FEC5EB2D769276F /* WelcomeSnapshotTests.swift */; };
		1B957D3DA37DB61940802401 /* AqraWelcomeView.swift in Sources */ = {isa = PBXBuildFile; fileRef = 01744F945BA643B14B7465BE /* AqraWelcomeView.swift */; };
		1C5F4BA3851DEFBE3DEFC906 /* MushafTests.swift in Sources */ = {isa = PBXBuildFile; fileRef = 264B91E0A6D7B8CE0289DA26 /* MushafTests.swift */; };
		1EAB7A71C09ABF42DFDB12DF /* Amiri-Bold.ttf in Resources */ = {isa = PBXBuildFile; fileRef = 6E6984583BED0004A203DABB /* Amiri-Bold.ttf */; };
		263DCB34D497E7EBE0794B0F /* Amiri-Regular.ttf in Resources */ = {isa = PBXBuildFile; fileRef = CAEB70929965F788B8F6A545 /* Amiri-Regular.ttf */; };
		57DEC10A3EC756442E353877 /* Localizable.xcstrings in Resources */ = {isa = PBXBuildFile; fileRef = 35F03A505062D433A0B82952 /* Localizable.xcstrings */; };
		6FFAE34E3F9E52CC10B92D53 /* AppIconRenderTests.swift in Sources */ = {isa = PBXBuildFile; fileRef = C28A3B81A1BC17ACB9783FBB /* AppIconRenderTests.swift */; };
		713B52865F26FA7537FE23C0 /* AqraTests.swift in Sources */ = {isa = PBXBuildFile; fileRef = 56CD0BB276F5EA7EB97D8B91 /* AqraTests.swift */; };
		95B0B124A68EFA0645040A2F /* Color+Hex.swift in Sources */ = {isa = PBXBuildFile; fileRef = 0CB3948E085F254CF36BF182 /* Color+Hex.swift */; };
		9B6609EC32D686618171D356 /* FeaturesPageView.swift in Sources */ = {isa = PBXBuildFile; fileRef = D44E6BE584D0B5057F1DD97B /* FeaturesPageView.swift */; };
		9D6D88E273E4885187DC9823 /* AqraLogo.swift in Sources */ = {isa = PBXBuildFile; fileRef = 708045EEA73D597E66035897 /* AqraLogo.swift */; };
		A628EEB2B5D4250A946134C1 /* PageDots.swift in Sources */ = {isa = PBXBuildFile; fileRef = 2CF7CA2416343BC4067921C5 /* PageDots.swift */; };
		B385724117B3DF0FF21962B3 /* MushafView.swift in Sources */ = {isa = PBXBuildFile; fileRef = 5374F6DB7F1FFAF810B695C4 /* MushafView.swift */; };
		B67BB8041068CD1E8F6FDF22 /* OnboardingView.swift in Sources */ = {isa = PBXBuildFile; fileRef = 4D9E19C71ED5865DBDE8BC22 /* OnboardingView.swift */; };
		BDEC10886391E806B355B426 /* MushafStore.swift in Sources */ = {isa = PBXBuildFile; fileRef = 836D08619011973FB71AEFC1 /* MushafStore.swift */; };
		C07E4DA1A47CB3F5AD4F1A84 /* Assets.xcassets in Resources */ = {isa = PBXBuildFile; fileRef = 99C540650E9663B5B728582A /* Assets.xcassets */; };
		C16323C2C97487946E94EDF4 /* ManazilPageView.swift in Sources */ = {isa = PBXBuildFile; fileRef = 269D7A05341BF4E1FF805A3A /* ManazilPageView.swift */; };
		C742A43BE7BE5DB9FAF34336 /* SacredText.swift in Sources */ = {isa = PBXBuildFile; fileRef = FF793C12D16FB36F80C61903 /* SacredText.swift */; };
		CA36F4A0D29DE63EAD73FA60 /* OFL.txt in Resources */ = {isa = PBXBuildFile; fileRef = 69FA526BC35C31760E96760B /* OFL.txt */; };
		DCFC682DD063D3DF3A8EB5D1 /* StartPageView.swift in Sources */ = {isa = PBXBuildFile; fileRef = D4A5BD4368E1C3CCFCDBDB66 /* StartPageView.swift */; };
		E8E74CAA0E7A5D828639A8D3 /* AqraArchLogo.swift in Sources */ = {isa = PBXBuildFile; fileRef = 057E8C550F33565A3E785512 /* AqraArchLogo.swift */; };
		EAEBCFF615FEDD24A42B8A43 /* MushafPageView.swift in Sources */ = {isa = PBXBuildFile; fileRef = A7F5B4789655C1D71286EDA5 /* MushafPageView.swift */; };
		EB8C8031FA7C371C1FFA38C8 /* AqraApp.swift in Sources */ = {isa = PBXBuildFile; fileRef = 4971E9222377B2D0AE1D25DD /* AqraApp.swift */; };
		EF4765262D5AA2C27811E483 /* AqraFont.swift in Sources */ = {isa = PBXBuildFile; fileRef = F4936D1082FB73C3638CB969 /* AqraFont.swift */; };
/* End PBXBuildFile section */

/* Begin PBXContainerItemProxy section */
		BA6CB602024FE9D50AC578CE /* PBXContainerItemProxy */ = {
			isa = PBXContainerItemProxy;
			containerPortal = BC83DFA1FB5EA24449CB035C /* Project object */;
			proxyType = 1;
			remoteGlobalIDString = 9A7857D210E571C3443F915D;
			remoteInfo = Aqra;
		};
/* End PBXContainerItemProxy section */

/* Begin PBXFileReference section */
		01744F945BA643B14B7465BE /* AqraWelcomeView.swift */ = {isa = PBXFileReference; lastKnownFileType = sourcecode.swift; path = AqraWelcomeView.swift; sourceTree = "<group>"; };
		057E8C550F33565A3E785512 /* AqraArchLogo.swift */ = {isa = PBXFileReference; lastKnownFileType = sourcecode.swift; path = AqraArchLogo.swift; sourceTree = "<group>"; };
		0CB3948E085F254CF36BF182 /* Color+Hex.swift */ = {isa = PBXFileReference; lastKnownFileType = sourcecode.swift; path = "Color+Hex.swift"; sourceTree = "<group>"; };
		197C7240EA806A2E4643B0F4 /* Aqra.app */ = {isa = PBXFileReference; includeInIndex = 0; lastKnownFileType = wrapper.application; path = Aqra.app; sourceTree = BUILT_PRODUCTS_DIR; };
		264B91E0A6D7B8CE0289DA26 /* MushafTests.swift */ = {isa = PBXFileReference; lastKnownFileType = sourcecode.swift; path = MushafTests.swift; sourceTree = "<group>"; };
		269D7A05341BF4E1FF805A3A /* ManazilPageView.swift */ = {isa = PBXFileReference; lastKnownFileType = sourcecode.swift; path = ManazilPageView.swift; sourceTree = "<group>"; };
		2CF7CA2416343BC4067921C5 /* PageDots.swift */ = {isa = PBXFileReference; lastKnownFileType = sourcecode.swift; path = PageDots.swift; sourceTree = "<group>"; };
		35F03A505062D433A0B82952 /* Localizable.xcstrings */ = {isa = PBXFileReference; lastKnownFileType = text.json.xcstrings; path = Localizable.xcstrings; sourceTree = "<group>"; };
		4971E9222377B2D0AE1D25DD /* AqraApp.swift */ = {isa = PBXFileReference; lastKnownFileType = sourcecode.swift; path = AqraApp.swift; sourceTree = "<group>"; };
		4D9E19C71ED5865DBDE8BC22 /* OnboardingView.swift */ = {isa = PBXFileReference; lastKnownFileType = sourcecode.swift; path = OnboardingView.swift; sourceTree = "<group>"; };
		5374F6DB7F1FFAF810B695C4 /* MushafView.swift */ = {isa = PBXFileReference; lastKnownFileType = sourcecode.swift; path = MushafView.swift; sourceTree = "<group>"; };
		56CD0BB276F5EA7EB97D8B91 /* AqraTests.swift */ = {isa = PBXFileReference; lastKnownFileType = sourcecode.swift; path = AqraTests.swift; sourceTree = "<group>"; };
		69FA526BC35C31760E96760B /* OFL.txt */ = {isa = PBXFileReference; lastKnownFileType = text; path = OFL.txt; sourceTree = "<group>"; };
		6E6984583BED0004A203DABB /* Amiri-Bold.ttf */ = {isa = PBXFileReference; lastKnownFileType = file; path = "Amiri-Bold.ttf"; sourceTree = "<group>"; };
		708045EEA73D597E66035897 /* AqraLogo.swift */ = {isa = PBXFileReference; lastKnownFileType = sourcecode.swift; path = AqraLogo.swift; sourceTree = "<group>"; };
		7AB948E93ABED6504E87449D /* quran */ = {isa = PBXFileReference; lastKnownFileType = folder; name = quran; path = ../../shared/quran; sourceTree = SOURCE_ROOT; };
		836D08619011973FB71AEFC1 /* MushafStore.swift */ = {isa = PBXFileReference; lastKnownFileType = sourcecode.swift; path = MushafStore.swift; sourceTree = "<group>"; };
		99C540650E9663B5B728582A /* Assets.xcassets */ = {isa = PBXFileReference; lastKnownFileType = folder.assetcatalog; path = Assets.xcassets; sourceTree = "<group>"; };
		A7F5B4789655C1D71286EDA5 /* MushafPageView.swift */ = {isa = PBXFileReference; lastKnownFileType = sourcecode.swift; path = MushafPageView.swift; sourceTree = "<group>"; };
		B9A647374FEC5EB2D769276F /* WelcomeSnapshotTests.swift */ = {isa = PBXFileReference; lastKnownFileType = sourcecode.swift; path = WelcomeSnapshotTests.swift; sourceTree = "<group>"; };
		C28A3B81A1BC17ACB9783FBB /* AppIconRenderTests.swift */ = {isa = PBXFileReference; lastKnownFileType = sourcecode.swift; path = AppIconRenderTests.swift; sourceTree = "<group>"; };
		C3D871D9287AF47EBED70889 /* OnboardingPageLayout.swift */ = {isa = PBXFileReference; lastKnownFileType = sourcecode.swift; path = OnboardingPageLayout.swift; sourceTree = "<group>"; };
		C3D8F702F0E08B9E7214A07A /* AqraTests.xctest */ = {isa = PBXFileReference; includeInIndex = 0; lastKnownFileType = wrapper.cfbundle; path = AqraTests.xctest; sourceTree = BUILT_PRODUCTS_DIR; };
		CAEB70929965F788B8F6A545 /* Amiri-Regular.ttf */ = {isa = PBXFileReference; lastKnownFileType = file; path = "Amiri-Regular.ttf"; sourceTree = "<group>"; };
		D44E6BE584D0B5057F1DD97B /* FeaturesPageView.swift */ = {isa = PBXFileReference; lastKnownFileType = sourcecode.swift; path = FeaturesPageView.swift; sourceTree = "<group>"; };
		D4A5BD4368E1C3CCFCDBDB66 /* StartPageView.swift */ = {isa = PBXFileReference; lastKnownFileType = sourcecode.swift; path = StartPageView.swift; sourceTree = "<group>"; };
		F4936D1082FB73C3638CB969 /* AqraFont.swift */ = {isa = PBXFileReference; lastKnownFileType = sourcecode.swift; path = AqraFont.swift; sourceTree = "<group>"; };
		FF793C12D16FB36F80C61903 /* SacredText.swift */ = {isa = PBXFileReference; lastKnownFileType = sourcecode.swift; path = SacredText.swift; sourceTree = "<group>"; };
/* End PBXFileReference section */

/* Begin PBXGroup section */
		1549276E68F0E369A83EEED1 /* Onboarding */ = {
			isa = PBXGroup;
			children = (
				01744F945BA643B14B7465BE /* AqraWelcomeView.swift */,
				D44E6BE584D0B5057F1DD97B /* FeaturesPageView.swift */,
				269D7A05341BF4E1FF805A3A /* ManazilPageView.swift */,
				C3D871D9287AF47EBED70889 /* OnboardingPageLayout.swift */,
				4D9E19C71ED5865DBDE8BC22 /* OnboardingView.swift */,
				2CF7CA2416343BC4067921C5 /* PageDots.swift */,
				D4A5BD4368E1C3CCFCDBDB66 /* StartPageView.swift */,
			);
			path = Onboarding;
			sourceTree = "<group>";
		};
		28E1913F081F6C788EE5B202 /* Aqra */ = {
			isa = PBXGroup;
			children = (
				F23E82B1E3CC8F124F30EC8D /* shared */,
			);
			name = Aqra;
			path = ../..;
			sourceTree = "<group>";
		};
		35C4FA37164CED27D576671C = {
			isa = PBXGroup;
			children = (
				AE92FC988321CE55CA9CF8C2 /* Aqra */,
				28E1913F081F6C788EE5B202 /* Aqra */,
				BCA97CDCE4BDA45886DF3282 /* AqraTests */,
				7CB4E00B6ED4E140218F3DEE /* Products */,
			);
			sourceTree = "<group>";
		};
		7CB4E00B6ED4E140218F3DEE /* Products */ = {
			isa = PBXGroup;
			children = (
				197C7240EA806A2E4643B0F4 /* Aqra.app */,
				C3D8F702F0E08B9E7214A07A /* AqraTests.xctest */,
			);
			name = Products;
			sourceTree = "<group>";
		};
		88636D0AF183BBA7F8083935 /* Mushaf */ = {
			isa = PBXGroup;
			children = (
				A7F5B4789655C1D71286EDA5 /* MushafPageView.swift */,
				836D08619011973FB71AEFC1 /* MushafStore.swift */,
				5374F6DB7F1FFAF810B695C4 /* MushafView.swift */,
			);
			path = Mushaf;
			sourceTree = "<group>";
		};
		9C8F178663BAA7E3C4CCCF64 /* Resources */ = {
			isa = PBXGroup;
			children = (
				D47E496FF7FBA1F255B372A9 /* Fonts */,
			);
			path = Resources;
			sourceTree = "<group>";
		};
		AE92FC988321CE55CA9CF8C2 /* Aqra */ = {
			isa = PBXGroup;
			children = (
				4971E9222377B2D0AE1D25DD /* AqraApp.swift */,
				99C540650E9663B5B728582A /* Assets.xcassets */,
				35F03A505062D433A0B82952 /* Localizable.xcstrings */,
				FC29328FD3B6841D595DB0AC /* DesignSystem */,
				88636D0AF183BBA7F8083935 /* Mushaf */,
				1549276E68F0E369A83EEED1 /* Onboarding */,
				9C8F178663BAA7E3C4CCCF64 /* Resources */,
				FE352AD1935C1FB58065078E /* SacredText */,
			);
			path = Aqra;
			sourceTree = "<group>";
		};
		BCA97CDCE4BDA45886DF3282 /* AqraTests */ = {
			isa = PBXGroup;
			children = (
				C28A3B81A1BC17ACB9783FBB /* AppIconRenderTests.swift */,
				56CD0BB276F5EA7EB97D8B91 /* AqraTests.swift */,
				264B91E0A6D7B8CE0289DA26 /* MushafTests.swift */,
				B9A647374FEC5EB2D769276F /* WelcomeSnapshotTests.swift */,
			);
			path = AqraTests;
			sourceTree = "<group>";
		};
		D47E496FF7FBA1F255B372A9 /* Fonts */ = {
			isa = PBXGroup;
			children = (
				6E6984583BED0004A203DABB /* Amiri-Bold.ttf */,
				CAEB70929965F788B8F6A545 /* Amiri-Regular.ttf */,
				69FA526BC35C31760E96760B /* OFL.txt */,
			);
			path = Fonts;
			sourceTree = "<group>";
		};
		F23E82B1E3CC8F124F30EC8D /* shared */ = {
			isa = PBXGroup;
			children = (
				7AB948E93ABED6504E87449D /* quran */,
			);
			path = shared;
			sourceTree = "<group>";
		};
		FC29328FD3B6841D595DB0AC /* DesignSystem */ = {
			isa = PBXGroup;
			children = (
				057E8C550F33565A3E785512 /* AqraArchLogo.swift */,
				F4936D1082FB73C3638CB969 /* AqraFont.swift */,
				708045EEA73D597E66035897 /* AqraLogo.swift */,
				0CB3948E085F254CF36BF182 /* Color+Hex.swift */,
			);
			path = DesignSystem;
			sourceTree = "<group>";
		};
		FE352AD1935C1FB58065078E /* SacredText */ = {
			isa = PBXGroup;
			children = (
				FF793C12D16FB36F80C61903 /* SacredText.swift */,
			);
			path = SacredText;
			sourceTree = "<group>";
		};
/* End PBXGroup section */

/* Begin PBXNativeTarget section */
		9A7857D210E571C3443F915D /* Aqra */ = {
			isa = PBXNativeTarget;
			buildConfigurationList = 0A4BF97CDE395093D734BE92 /* Build configuration list for PBXNativeTarget "Aqra" */;
			buildPhases = (
				5BF1156314629D3D56A322D4 /* Sources */,
				850011ED9220721A2776F2A3 /* Resources */,
			);
			buildRules = (
			);
			dependencies = (
			);
			name = Aqra;
			packageProductDependencies = (
			);
			productName = Aqra;
			productReference = 197C7240EA806A2E4643B0F4 /* Aqra.app */;
			productType = "com.apple.product-type.application";
		};
		FBF6C26A5859078BAA307C00 /* AqraTests */ = {
			isa = PBXNativeTarget;
			buildConfigurationList = C6BACD97C31F124C83B6B3B6 /* Build configuration list for PBXNativeTarget "AqraTests" */;
			buildPhases = (
				291EC13A1AB13F1D6B68596A /* Sources */,
			);
			buildRules = (
			);
			dependencies = (
				8386045BE5BBC14C2DAB8DFC /* PBXTargetDependency */,
			);
			name = AqraTests;
			packageProductDependencies = (
			);
			productName = AqraTests;
			productReference = C3D8F702F0E08B9E7214A07A /* AqraTests.xctest */;
			productType = "com.apple.product-type.bundle.unit-test";
		};
/* End PBXNativeTarget section */

/* Begin PBXProject section */
		BC83DFA1FB5EA24449CB035C /* Project object */ = {
			isa = PBXProject;
			attributes = {
				BuildIndependentTargetsInParallel = YES;
				LastUpgradeCheck = 1430;
				TargetAttributes = {
					9A7857D210E571C3443F915D = {
						DevelopmentTeam = 6QYT6GJB4Z;
					};
				};
			};
			buildConfigurationList = 6DE457977ED11E777BDDE4B2 /* Build configuration list for PBXProject "Aqra" */;
			developmentRegion = en;
			hasScannedForEncodings = 0;
			knownRegions = (
				Base,
				ar,
				en,
			);
			mainGroup = 35C4FA37164CED27D576671C;
			minimizedProjectReferenceProxies = 1;
			preferredProjectObjectVersion = 77;
			productRefGroup = 7CB4E00B6ED4E140218F3DEE /* Products */;
			projectDirPath = "";
			projectRoot = "";
			targets = (
				9A7857D210E571C3443F915D /* Aqra */,
				FBF6C26A5859078BAA307C00 /* AqraTests */,
			);
		};
/* End PBXProject section */

/* Begin PBXResourcesBuildPhase section */
		850011ED9220721A2776F2A3 /* Resources */ = {
			isa = PBXResourcesBuildPhase;
			buildActionMask = 2147483647;
			files = (
				1EAB7A71C09ABF42DFDB12DF /* Amiri-Bold.ttf in Resources */,
				263DCB34D497E7EBE0794B0F /* Amiri-Regular.ttf in Resources */,
				C07E4DA1A47CB3F5AD4F1A84 /* Assets.xcassets in Resources */,
				57DEC10A3EC756442E353877 /* Localizable.xcstrings in Resources */,
				CA36F4A0D29DE63EAD73FA60 /* OFL.txt in Resources */,
				0B3D2921336B533833058829 /* quran in Resources */,
			);
			runOnlyForDeploymentPostprocessing = 0;
		};
/* End PBXResourcesBuildPhase section */

/* Begin PBXSourcesBuildPhase section */
		291EC13A1AB13F1D6B68596A /* Sources */ = {
			isa = PBXSourcesBuildPhase;
			buildActionMask = 2147483647;
			files = (
				6FFAE34E3F9E52CC10B92D53 /* AppIconRenderTests.swift in Sources */,
				713B52865F26FA7537FE23C0 /* AqraTests.swift in Sources */,
				1C5F4BA3851DEFBE3DEFC906 /* MushafTests.swift in Sources */,
				12D590DA34A191EB5674BEFE /* WelcomeSnapshotTests.swift in Sources */,
			);
			runOnlyForDeploymentPostprocessing = 0;
		};
		5BF1156314629D3D56A322D4 /* Sources */ = {
			isa = PBXSourcesBuildPhase;
			buildActionMask = 2147483647;
			files = (
				EB8C8031FA7C371C1FFA38C8 /* AqraApp.swift in Sources */,
				E8E74CAA0E7A5D828639A8D3 /* AqraArchLogo.swift in Sources */,
				EF4765262D5AA2C27811E483 /* AqraFont.swift in Sources */,
				9D6D88E273E4885187DC9823 /* AqraLogo.swift in Sources */,
				1B957D3DA37DB61940802401 /* AqraWelcomeView.swift in Sources */,
				95B0B124A68EFA0645040A2F /* Color+Hex.swift in Sources */,
				9B6609EC32D686618171D356 /* FeaturesPageView.swift in Sources */,
				C16323C2C97487946E94EDF4 /* ManazilPageView.swift in Sources */,
				EAEBCFF615FEDD24A42B8A43 /* MushafPageView.swift in Sources */,
				BDEC10886391E806B355B426 /* MushafStore.swift in Sources */,
				B385724117B3DF0FF21962B3 /* MushafView.swift in Sources */,
				028487F5A6C0BED60172B546 /* OnboardingPageLayout.swift in Sources */,
				B67BB8041068CD1E8F6FDF22 /* OnboardingView.swift in Sources */,
				A628EEB2B5D4250A946134C1 /* PageDots.swift in Sources */,
				C742A43BE7BE5DB9FAF34336 /* SacredText.swift in Sources */,
				DCFC682DD063D3DF3A8EB5D1 /* StartPageView.swift in Sources */,
			);
			runOnlyForDeploymentPostprocessing = 0;
		};
/* End PBXSourcesBuildPhase section */

/* Begin PBXTargetDependency section */
		8386045BE5BBC14C2DAB8DFC /* PBXTargetDependency */ = {
			isa = PBXTargetDependency;
			target = 9A7857D210E571C3443F915D /* Aqra */;
			targetProxy = BA6CB602024FE9D50AC578CE /* PBXContainerItemProxy */;
		};
/* End PBXTargetDependency section */

/* Begin XCBuildConfiguration section */
		13296E3522B930A55B47DE3F /* Release */ = {
			isa = XCBuildConfiguration;
			buildSettings = {
				ASSETCATALOG_COMPILER_APPICON_NAME = AppIcon;
				ASSETCATALOG_COMPILER_GLOBAL_ACCENT_COLOR_NAME = AccentColor;
				CODE_SIGN_IDENTITY = "iPhone Developer";
				DEVELOPMENT_TEAM = 6QYT6GJB4Z;
				GENERATE_INFOPLIST_FILE = YES;
				INFOPLIST_KEY_CFBundleDisplayName = "اقْرَأْ";
				INFOPLIST_KEY_LSApplicationCategoryType = "public.app-category.education";
				INFOPLIST_KEY_UIApplicationSceneManifest_Generation = YES;
				INFOPLIST_KEY_UILaunchScreen_Generation = YES;
				INFOPLIST_KEY_UISupportedInterfaceOrientations = "UIInterfaceOrientationLandscapeLeft UIInterfaceOrientationLandscapeRight UIInterfaceOrientationPortrait UIInterfaceOrientationPortraitUpsideDown";
				LD_RUNPATH_SEARCH_PATHS = (
					"$(inherited)",
					"@executable_path/Frameworks",
				);
				LOCALIZATION_PREFERS_STRING_CATALOGS = YES;
				PRODUCT_BUNDLE_IDENTIFIER = com.azzamalrashed.aqra;
				SDKROOT = iphoneos;
				SUPPORTED_PLATFORMS = "iphoneos iphonesimulator";
				SUPPORTS_MACCATALYST = NO;
				SWIFT_EMIT_LOC_STRINGS = YES;
				TARGETED_DEVICE_FAMILY = "1,2";
			};
			name = Release;
		};
		583796930DBB0988EE3C885A /* Debug */ = {
			isa = XCBuildConfiguration;
			buildSettings = {
				ALWAYS_SEARCH_USER_PATHS = NO;
				CLANG_ANALYZER_NONNULL = YES;
				CLANG_ANALYZER_NUMBER_OBJECT_CONVERSION = YES_AGGRESSIVE;
				CLANG_CXX_LANGUAGE_STANDARD = "gnu++14";
				CLANG_CXX_LIBRARY = "libc++";
				CLANG_ENABLE_MODULES = YES;
				CLANG_ENABLE_OBJC_ARC = YES;
				CLANG_ENABLE_OBJC_WEAK = YES;
				CLANG_WARN_BLOCK_CAPTURE_AUTORELEASING = YES;
				CLANG_WARN_BOOL_CONVERSION = YES;
				CLANG_WARN_COMMA = YES;
				CLANG_WARN_CONSTANT_CONVERSION = YES;
				CLANG_WARN_DEPRECATED_OBJC_IMPLEMENTATIONS = YES;
				CLANG_WARN_DIRECT_OBJC_ISA_USAGE = YES_ERROR;
				CLANG_WARN_DOCUMENTATION_COMMENTS = YES;
				CLANG_WARN_EMPTY_BODY = YES;
				CLANG_WARN_ENUM_CONVERSION = YES;
				CLANG_WARN_INFINITE_RECURSION = YES;
				CLANG_WARN_INT_CONVERSION = YES;
				CLANG_WARN_NON_LITERAL_NULL_CONVERSION = YES;
				CLANG_WARN_OBJC_IMPLICIT_RETAIN_SELF = YES;
				CLANG_WARN_OBJC_LITERAL_CONVERSION = YES;
				CLANG_WARN_OBJC_ROOT_CLASS = YES_ERROR;
				CLANG_WARN_QUOTED_INCLUDE_IN_FRAMEWORK_HEADER = YES;
				CLANG_WARN_RANGE_LOOP_ANALYSIS = YES;
				CLANG_WARN_STRICT_PROTOTYPES = YES;
				CLANG_WARN_SUSPICIOUS_MOVE = YES;
				CLANG_WARN_UNGUARDED_AVAILABILITY = YES_AGGRESSIVE;
				CLANG_WARN_UNREACHABLE_CODE = YES;
				CLANG_WARN__DUPLICATE_METHOD_MATCH = YES;
				COPY_PHASE_STRIP = NO;
				CURRENT_PROJECT_VERSION = 1;
				DEBUG_INFORMATION_FORMAT = dwarf;
				ENABLE_STRICT_OBJC_MSGSEND = YES;
				ENABLE_TESTABILITY = YES;
				GCC_C_LANGUAGE_STANDARD = gnu11;
				GCC_DYNAMIC_NO_PIC = NO;
				GCC_NO_COMMON_BLOCKS = YES;
				GCC_OPTIMIZATION_LEVEL = 0;
				GCC_PREPROCESSOR_DEFINITIONS = (
					"$(inherited)",
					"DEBUG=1",
				);
				GCC_WARN_64_TO_32_BIT_CONVERSION = YES;
				GCC_WARN_ABOUT_RETURN_TYPE = YES_ERROR;
				GCC_WARN_UNDECLARED_SELECTOR = YES;
				GCC_WARN_UNINITIALIZED_AUTOS = YES_AGGRESSIVE;
				GCC_WARN_UNUSED_FUNCTION = YES;
				GCC_WARN_UNUSED_VARIABLE = YES;
				IPHONEOS_DEPLOYMENT_TARGET = 17.0;
				MARKETING_VERSION = 0.1.0;
				MTL_ENABLE_DEBUG_INFO = INCLUDE_SOURCE;
				MTL_FAST_MATH = YES;
				ONLY_ACTIVE_ARCH = YES;
				PRODUCT_NAME = "$(TARGET_NAME)";
				SDKROOT = iphoneos;
				SWIFT_ACTIVE_COMPILATION_CONDITIONS = DEBUG;
				SWIFT_OPTIMIZATION_LEVEL = "-Onone";
				SWIFT_VERSION = 6.0;
			};
			name = Debug;
		};
		7B15EBEBEDE3F9ED3F8D8BBB /* Debug */ = {
			isa = XCBuildConfiguration;
			buildSettings = {
				BUNDLE_LOADER = "$(TEST_HOST)";
				GENERATE_INFOPLIST_FILE = YES;
				LD_RUNPATH_SEARCH_PATHS = (
					"$(inherited)",
					"@executable_path/Frameworks",
					"@loader_path/Frameworks",
				);
				PRODUCT_BUNDLE_IDENTIFIER = com.azzamalrashed.AqraTests;
				SDKROOT = iphoneos;
				TARGETED_DEVICE_FAMILY = "1,2";
				TEST_HOST = "$(BUILT_PRODUCTS_DIR)/Aqra.app/Aqra";
			};
			name = Debug;
		};
		CDDE51CB095366C113CF3ABF /* Release */ = {
			isa = XCBuildConfiguration;
			buildSettings = {
				BUNDLE_LOADER = "$(TEST_HOST)";
				GENERATE_INFOPLIST_FILE = YES;
				LD_RUNPATH_SEARCH_PATHS = (
					"$(inherited)",
					"@executable_path/Frameworks",
					"@loader_path/Frameworks",
				);
				PRODUCT_BUNDLE_IDENTIFIER = com.azzamalrashed.AqraTests;
				SDKROOT = iphoneos;
				TARGETED_DEVICE_FAMILY = "1,2";
				TEST_HOST = "$(BUILT_PRODUCTS_DIR)/Aqra.app/Aqra";
			};
			name = Release;
		};
		DB060ADF7DAFFDAD022D5E5C /* Debug */ = {
			isa = XCBuildConfiguration;
			buildSettings = {
				ASSETCATALOG_COMPILER_APPICON_NAME = AppIcon;
				ASSETCATALOG_COMPILER_GLOBAL_ACCENT_COLOR_NAME = AccentColor;
				CODE_SIGN_IDENTITY = "iPhone Developer";
				DEVELOPMENT_TEAM = 6QYT6GJB4Z;
				GENERATE_INFOPLIST_FILE = YES;
				INFOPLIST_KEY_CFBundleDisplayName = "اقْرَأْ";
				INFOPLIST_KEY_LSApplicationCategoryType = "public.app-category.education";
				INFOPLIST_KEY_UIApplicationSceneManifest_Generation = YES;
				INFOPLIST_KEY_UILaunchScreen_Generation = YES;
				INFOPLIST_KEY_UISupportedInterfaceOrientations = "UIInterfaceOrientationLandscapeLeft UIInterfaceOrientationLandscapeRight UIInterfaceOrientationPortrait UIInterfaceOrientationPortraitUpsideDown";
				LD_RUNPATH_SEARCH_PATHS = (
					"$(inherited)",
					"@executable_path/Frameworks",
				);
				LOCALIZATION_PREFERS_STRING_CATALOGS = YES;
				PRODUCT_BUNDLE_IDENTIFIER = com.azzamalrashed.aqra;
				SDKROOT = iphoneos;
				SUPPORTED_PLATFORMS = "iphoneos iphonesimulator";
				SUPPORTS_MACCATALYST = NO;
				SWIFT_EMIT_LOC_STRINGS = YES;
				TARGETED_DEVICE_FAMILY = "1,2";
			};
			name = Debug;
		};
		EFCBD58C1EB85AC1DEB02615 /* Release */ = {
			isa = XCBuildConfiguration;
			buildSettings = {
				ALWAYS_SEARCH_USER_PATHS = NO;
				CLANG_ANALYZER_NONNULL = YES;
				CLANG_ANALYZER_NUMBER_OBJECT_CONVERSION = YES_AGGRESSIVE;
				CLANG_CXX_LANGUAGE_STANDARD = "gnu++14";
				CLANG_CXX_LIBRARY = "libc++";
				CLANG_ENABLE_MODULES = YES;
				CLANG_ENABLE_OBJC_ARC = YES;
				CLANG_ENABLE_OBJC_WEAK = YES;
				CLANG_WARN_BLOCK_CAPTURE_AUTORELEASING = YES;
				CLANG_WARN_BOOL_CONVERSION = YES;
				CLANG_WARN_COMMA = YES;
				CLANG_WARN_CONSTANT_CONVERSION = YES;
				CLANG_WARN_DEPRECATED_OBJC_IMPLEMENTATIONS = YES;
				CLANG_WARN_DIRECT_OBJC_ISA_USAGE = YES_ERROR;
				CLANG_WARN_DOCUMENTATION_COMMENTS = YES;
				CLANG_WARN_EMPTY_BODY = YES;
				CLANG_WARN_ENUM_CONVERSION = YES;
				CLANG_WARN_INFINITE_RECURSION = YES;
				CLANG_WARN_INT_CONVERSION = YES;
				CLANG_WARN_NON_LITERAL_NULL_CONVERSION = YES;
				CLANG_WARN_OBJC_IMPLICIT_RETAIN_SELF = YES;
				CLANG_WARN_OBJC_LITERAL_CONVERSION = YES;
				CLANG_WARN_OBJC_ROOT_CLASS = YES_ERROR;
				CLANG_WARN_QUOTED_INCLUDE_IN_FRAMEWORK_HEADER = YES;
				CLANG_WARN_RANGE_LOOP_ANALYSIS = YES;
				CLANG_WARN_STRICT_PROTOTYPES = YES;
				CLANG_WARN_SUSPICIOUS_MOVE = YES;
				CLANG_WARN_UNGUARDED_AVAILABILITY = YES_AGGRESSIVE;
				CLANG_WARN_UNREACHABLE_CODE = YES;
				CLANG_WARN__DUPLICATE_METHOD_MATCH = YES;
				COPY_PHASE_STRIP = NO;
				CURRENT_PROJECT_VERSION = 1;
				DEBUG_INFORMATION_FORMAT = "dwarf-with-dsym";
				ENABLE_NS_ASSERTIONS = NO;
				ENABLE_STRICT_OBJC_MSGSEND = YES;
				GCC_C_LANGUAGE_STANDARD = gnu11;
				GCC_NO_COMMON_BLOCKS = YES;
				GCC_WARN_64_TO_32_BIT_CONVERSION = YES;
				GCC_WARN_ABOUT_RETURN_TYPE = YES_ERROR;
				GCC_WARN_UNDECLARED_SELECTOR = YES;
				GCC_WARN_UNINITIALIZED_AUTOS = YES_AGGRESSIVE;
				GCC_WARN_UNUSED_FUNCTION = YES;
				GCC_WARN_UNUSED_VARIABLE = YES;
				IPHONEOS_DEPLOYMENT_TARGET = 17.0;
				MARKETING_VERSION = 0.1.0;
				MTL_ENABLE_DEBUG_INFO = NO;
				MTL_FAST_MATH = YES;
				PRODUCT_NAME = "$(TARGET_NAME)";
				SDKROOT = iphoneos;
				SWIFT_COMPILATION_MODE = wholemodule;
				SWIFT_OPTIMIZATION_LEVEL = "-O";
				SWIFT_VERSION = 6.0;
			};
			name = Release;
		};
/* End XCBuildConfiguration section */

/* Begin XCConfigurationList section */
		0A4BF97CDE395093D734BE92 /* Build configuration list for PBXNativeTarget "Aqra" */ = {
			isa = XCConfigurationList;
			buildConfigurations = (
				DB060ADF7DAFFDAD022D5E5C /* Debug */,
				13296E3522B930A55B47DE3F /* Release */,
			);
			defaultConfigurationIsVisible = 0;
			defaultConfigurationName = Debug;
		};
		6DE457977ED11E777BDDE4B2 /* Build configuration list for PBXProject "Aqra" */ = {
			isa = XCConfigurationList;
			buildConfigurations = (
				583796930DBB0988EE3C885A /* Debug */,
				EFCBD58C1EB85AC1DEB02615 /* Release */,
			);
			defaultConfigurationIsVisible = 0;
			defaultConfigurationName = Debug;
		};
		C6BACD97C31F124C83B6B3B6 /* Build configuration list for PBXNativeTarget "AqraTests" */ = {
			isa = XCConfigurationList;
			buildConfigurations = (
				7B15EBEBEDE3F9ED3F8D8BBB /* Debug */,
				CDDE51CB095366C113CF3ABF /* Release */,
			);
			defaultConfigurationIsVisible = 0;
			defaultConfigurationName = Debug;
		};
/* End XCConfigurationList section */
	};
	rootObject = BC83DFA1FB5EA24449CB035C /* Project object */;
}
